
Microsoft Visual Studio Solution File, Format Version 12.00
# Visual Studio Express 15 for Windows Desktop
VisualStudioVersion = 15.0.28307.489
MinimumVisualStudioVersion = 10.0.40219.1
Project("{FAE04EC0-301F-11D3-BF4B-00C04F79EFBC}") = "GUImaster", "GUImaster\GUImaster.csproj", "{DECA9D23-0EDC-419A-90E0-D6DB54B5E3FC}"
EndProject
Global
	GlobalSection(SolutionConfigurationPlatforms) = preSolution
		Debug|Any CPU = Debug|Any CPU
		Release|Any CPU = Release|Any CPU
	EndGlobalSection
	GlobalSection(ProjectConfigurationPlatforms) = postSolution
		{DECA9D23-0EDC-419A-90E0-D6DB54B5E3FC}.Debug|Any CPU.ActiveCfg = Debug|Any CPU
		{DECA9D23-0EDC-419A-90E0-D6DB54B5E3FC}.Debug|Any CPU.Build.0 = Debug|Any CPU
		{DECA9D23-0EDC-419A-90E0-D6DB54B5E3FC}.Release|Any CPU.ActiveCfg = Release|Any CPU
		{DECA9D23-0EDC-419A-90E0-D6DB54B5E3FC}.Release|Any CPU.Build.0 = Release|Any CPU
	EndGlobalSection
	GlobalSection(SolutionProperties) = preSolution
		HideSolutionNode = FALSE
	EndGlobalSection
	GlobalSection(ExtensibilityGlobals) = postSolution
		SolutionGuid = {E106C7FA-ACFD-4216-9435-CA4811416220}
	EndGlobalSection
EndGlobal
